
Microsoft Visual Studio Solution File, Format Version 12.00
# Visual Studio Version 17
VisualStudioVersion = 17.0.31903.59
MinimumVisualStudioVersion = 10.0.40219.1
Project("{2150E333-8FDC-42A3-9474-1A3956D46DE8}") = "src", "src", "{827E0CD3-B72D-47B6-A68D-7590B98EB39B}"
EndProject
Project("{FAE04EC0-301F-11D3-BF4B-00C04F79EFBC}") = "MechanicShop.Api", "src\MechanicShop.Api\MechanicShop.Api.csproj", "{28B2EAA6-45D1-4A5A-8EDD-B2C475A71E56}"
EndProject
Project("{FAE04EC0-301F-11D3-BF4B-00C04F79EFBC}") = "MechanicShop.Application", "src\MechanicShop.Application\MechanicShop.Application.csproj", "{C66D0912-8281-44C9-89AC-859B8B49D44B}"
EndProject
Project("{FAE04EC0-301F-11D3-BF4B-00C04F79EFBC}") = "MechanicShop.Contracts", "src\MechanicShop.Contracts\MechanicShop.Contracts.csproj", "{66912EC2-C808-45D6-BC93-99073D706A0F}"
EndProject
Project("{FAE04EC0-301F-11D3-BF4B-00C04F79EFBC}") = "MechanicShop.Domain", "src\MechanicShop.Domain\MechanicShop.Domain.csproj", "{AA1A89E1-BA72-4DF9-9BDA-512A839CA8C1}"
EndProject
Project("{FAE04EC0-301F-11D3-BF4B-00C04F79EFBC}") = "MechanicShop.Infrastructure", "src\MechanicShop.Infrastructure\MechanicShop.Infrastructure.csproj", "{DB6CDD1A-64FC-4BE6-ABCD-4DEF04D1D3FA}"
EndProject
Global
	GlobalSection(SolutionConfigurationPlatforms) = preSolution
		Debug|Any CPU = Debug|Any CPU
		Debug|x64 = Debug|x64
		Debug|x86 = Debug|x86
		Release|Any CPU = Release|Any CPU
		Release|x64 = Release|x64
		Release|x86 = Release|x86
	EndGlobalSection
	GlobalSection(ProjectConfigurationPlatforms) = postSolution
		{28B2EAA6-45D1-4A5A-8EDD-B2C475A71E56}.Debug|Any CPU.ActiveCfg = Debug|Any CPU
		{28B2EAA6-45D1-4A5A-8EDD-B2C475A71E56}.Debug|Any CPU.Build.0 = Debug|Any CPU
		{28B2EAA6-45D1-4A5A-8EDD-B2C475A71E56}.Debug|x64.ActiveCfg = Debug|Any CPU
		{28B2EAA6-45D1-4A5A-8EDD-B2C475A71E56}.Debug|x64.Build.0 = Debug|Any CPU
		{28B2EAA6-45D1-4A5A-8EDD-B2C475A71E56}.Debug|x86.ActiveCfg = Debug|Any CPU
		{28B2EAA6-45D1-4A5A-8EDD-B2C475A71E56}.Debug|x86.Build.0 = Debug|Any CPU
		{28B2EAA6-45D1-4A5A-8EDD-B2C475A71E56}.Release|Any CPU.ActiveCfg = Release|Any CPU
		{28B2EAA6-45D1-4A5A-8EDD-B2C475A71E56}.Release|Any CPU.Build.0 = Release|Any CPU
		{28B2EAA6-45D1-4A5A-8EDD-B2C475A71E56}.Release|x64.ActiveCfg = Release|Any CPU
		{28B2EAA6-45D1-4A5A-8EDD-B2C475A71E56}.Release|x64.Build.0 = Release|Any CPU
		{28B2EAA6-45D1-4A5A-8EDD-B2C475A71E56}.Release|x86.ActiveCfg = Release|Any CPU
		{28B2EAA6-45D1-4A5A-8EDD-B2C475A71E56}.Release|x86.Build.0 = Release|Any CPU
		{C66D0912-8281-44C9-89AC-859B8B49D44B}.Debug|Any CPU.ActiveCfg = Debug|Any CPU
		{C66D0912-8281-44C9-89AC-859B8B49D44B}.Debug|Any CPU.Build.0 = Debug|Any CPU
		{C66D0912-8281-44C9-89AC-859B8B49D44B}.Debug|x64.ActiveCfg = Debug|Any CPU
		{C66D0912-8281-44C9-89AC-859B8B49D44B}.Debug|x64.Build.0 = Debug|Any CPU
		{C66D0912-8281-44C9-89AC-859B8B49D44B}.Debug|x86.ActiveCfg = Debug|Any CPU
		{C66D0912-8281-44C9-89AC-859B8B49D44B}.Debug|x86.Build.0 = Debug|Any CPU
		{C66D0912-8281-44C9-89AC-859B8B49D44B}.Release|Any CPU.ActiveCfg = Release|Any CPU
		{C66D0912-8281-44C9-89AC-859B8B49D44B}.Release|Any CPU.Build.0 = Release|Any CPU
		{C66D0912-8281-44C9-89AC-859B8B49D44B}.Release|x64.ActiveCfg = Release|Any CPU
		{C66D0912-8281-44C9-89AC-859B8B49D44B}.Release|x64.Build.0 = Release|Any CPU
		{C66D0912-8281-44C9-89AC-859B8B49D44B}.Release|x86.ActiveCfg = Release|Any CPU
		{C66D0912-8281-44C9-89AC-859B8B49D44B}.Release|x86.Build.0 = Release|Any CPU
		{66912EC2-C808-45D6-BC93-99073D706A0F}.Debug|Any CPU.ActiveCfg = Debug|Any CPU
		{66912EC2-C808-45D6-BC93-99073D706A0F}.Debug|Any CPU.Build.0 = Debug|Any CPU
		{66912EC2-C808-45D6-BC93-99073D706A0F}.Debug|x64.ActiveCfg = Debug|Any CPU
		{66912EC2-C808-45D6-BC93-99073D706A0F}.Debug|x64.Build.0 = Debug|Any CPU
		{66912EC2-C808-45D6-BC93-99073D706A0F}.Debug|x86.ActiveCfg = Debug|Any CPU
		{66912EC2-C808-45D6-BC93-99073D706A0F}.Debug|x86.Build.0 = Debug|Any CPU
		{66912EC2-C808-45D6-BC93-99073D706A0F}.Release|Any CPU.ActiveCfg = Release|Any CPU
		{66912EC2-C808-45D6-BC93-99073D706A0F}.Release|Any CPU.Build.0 = Release|Any CPU
		{66912EC2-C808-45D6-BC93-99073D706A0F}.Release|x64.ActiveCfg = Release|Any CPU
		{66912EC2-C808-45D6-BC93-99073D706A0F}.Release|x64.Build.0 = Release|Any CPU
		{66912EC2-C808-45D6-BC93-99073D706A0F}.Release|x86.ActiveCfg = Release|Any CPU
		{66912EC2-C808-45D6-BC93-99073D706A0F}.Release|x86.Build.0 = Release|Any CPU
		{AA1A89E1-BA72-4DF9-9BDA-512A839CA8C1}.Debug|Any CPU.ActiveCfg = Debug|Any CPU
		{AA1A89E1-BA72-4DF9-9BDA-512A839CA8C1}.Debug|Any CPU.Build.0 = Debug|Any CPU
		{AA1A89E1-BA72-4DF9-9BDA-512A839CA8C1}.Debug|x64.ActiveCfg = Debug|Any CPU
		{AA1A89E1-BA72-4DF9-9BDA-512A839CA8C1}.Debug|x64.Build.0 = Debug|Any CPU
		{AA1A89E1-BA72-4DF9-9BDA-512A839CA8C1}.Debug|x86.ActiveCfg = Debug|Any CPU
		{AA1A89E1-BA72-4DF9-9BDA-512A839CA8C1}.Debug|x86.Build.0 = Debug|Any CPU
		{AA1A89E1-BA72-4DF9-9BDA-512A839CA8C1}.Release|Any CPU.ActiveCfg = Release|Any CPU
		{AA1A89E1-BA72-4DF9-9BDA-512A839CA8C1}.Release|Any CPU.Build.0 = Release|Any CPU
		{AA1A89E1-BA72-4DF9-9BDA-512A839CA8C1}.Release|x64.ActiveCfg = Release|Any CPU
		{AA1A89E1-BA72-4DF9-9BDA-512A839CA8C1}.Release|x64.Build.0 = Release|Any CPU
		{AA1A89E1-BA72-4DF9-9BDA-512A839CA8C1}.Release|x86.ActiveCfg = Release|Any CPU
		{AA1A89E1-BA72-4DF9-9BDA-512A839CA8C1}.Release|x86.Build.0 = Release|Any CPU
		{DB6CDD1A-64FC-4BE6-ABCD-4DEF04D1D3FA}.Debug|Any CPU.ActiveCfg = Debug|Any CPU
		{DB6CDD1A-64FC-4BE6-ABCD-4DEF04D1D3FA}.Debug|Any CPU.Build.0 = Debug|Any CPU
		{DB6CDD1A-64FC-4BE6-ABCD-4DEF04D1D3FA}.Debug|x64.ActiveCfg = Debug|Any CPU
		{DB6CDD1A-64FC-4BE6-ABCD-4DEF04D1D3FA}.Debug|x64.Build.0 = Debug|Any CPU
		{DB6CDD1A-64FC-4BE6-ABCD-4DEF04D1D3FA}.Debug|x86.ActiveCfg = Debug|Any CPU
		{DB6CDD1A-64FC-4BE6-ABCD-4DEF04D1D3FA}.Debug|x86.Build.0 = Debug|Any CPU
		{DB6CDD1A-64FC-4BE6-ABCD-4DEF04D1D3FA}.Release|Any CPU.ActiveCfg = Release|Any CPU
		{DB6CDD1A-64FC-4BE6-ABCD-4DEF04D1D3FA}.Release|Any CPU.Build.0 = Release|Any CPU
		{DB6CDD1A-64FC-4BE6-ABCD-4DEF04D1D3FA}.Release|x64.ActiveCfg = Release|Any CPU
		{DB6CDD1A-64FC-4BE6-ABCD-4DEF04D1D3FA}.Release|x64.Build.0 = Release|Any CPU
		{DB6CDD1A-64FC-4BE6-ABCD-4DEF04D1D3FA}.Release|x86.ActiveCfg = Release|Any CPU
		{DB6CDD1A-64FC-4BE6-ABCD-4DEF04D1D3FA}.Release|x86.Build.0 = Release|Any CPU
	EndGlobalSection
	GlobalSection(SolutionProperties) = preSolution
		HideSolutionNode = FALSE
	EndGlobalSection
	GlobalSection(NestedProjects) = preSolution
		{28B2EAA6-45D1-4A5A-8EDD-B2C475A71E56} = {827E0CD3-B72D-47B6-A68D-7590B98EB39B}
		{C66D0912-8281-44C9-89AC-859B8B49D44B} = {827E0CD3-B72D-47B6-A68D-7590B98EB39B}
		{66912EC2-C808-45D6-BC93-99073D706A0F} = {827E0CD3-B72D-47B6-A68D-7590B98EB39B}
		{AA1A89E1-BA72-4DF9-9BDA-512A839CA8C1} = {827E0CD3-B72D-47B6-A68D-7590B98EB39B}
		{DB6CDD1A-64FC-4BE6-ABCD-4DEF04D1D3FA} = {827E0CD3-B72D-47B6-A68D-7590B98EB39B}
	EndGlobalSection
EndGlobal
